
Microsoft Visual Studio Solution File, Format Version 12.00
# Visual Studio 15
VisualStudioVersion = 15.0.27703.2018
MinimumVisualStudioVersion = 10.0.40219.1
Project("{9A19103F-16F7-4668-BE54-9A1E7A4F7556}") = "WebLibrary", "WebLibrary\WebLibrary.csproj", "{34E5EE6B-2052-4C82-988F-3DC9DF167EC9}"
EndProject
Project("{FAE04EC0-301F-11D3-BF4B-00C04F79EFBC}") = "EReadingLib", "EReadingLib\EReadingLib.csproj", "{A7FAEF37-1BD7-40D4-9558-38AE69AD0F1D}"
EndProject
Global
	GlobalSection(SolutionConfigurationPlatforms) = preSolution
		Debug|Any CPU = Debug|Any CPU
		Release|Any CPU = Release|Any CPU
	EndGlobalSection
	GlobalSection(ProjectConfigurationPlatforms) = postSolution
		{34E5EE6B-2052-4C82-988F-3DC9DF167EC9}.Debug|Any CPU.ActiveCfg = Debug|Any CPU
		{34E5EE6B-2052-4C82-988F-3DC9DF167EC9}.Debug|Any CPU.Build.0 = Debug|Any CPU
		{34E5EE6B-2052-4C82-988F-3DC9DF167EC9}.Release|Any CPU.ActiveCfg = Release|Any CPU
		{34E5EE6B-2052-4C82-988F-3DC9DF167EC9}.Release|Any CPU.Build.0 = Release|Any CPU
		{A7FAEF37-1BD7-40D4-9558-38AE69AD0F1D}.Debug|Any CPU.ActiveCfg = Debug|Any CPU
		{A7FAEF37-1BD7-40D4-9558-38AE69AD0F1D}.Debug|Any CPU.Build.0 = Debug|Any CPU
		{A7FAEF37-1BD7-40D4-9558-38AE69AD0F1D}.Release|Any CPU.ActiveCfg = Release|Any CPU
		{A7FAEF37-1BD7-40D4-9558-38AE69AD0F1D}.Release|Any CPU.Build.0 = Release|Any CPU
	EndGlobalSection
	GlobalSection(SolutionProperties) = preSolution
		HideSolutionNode = FALSE
	EndGlobalSection
	GlobalSection(ExtensibilityGlobals) = postSolution
		SolutionGuid = {B22680AD-AFCF-40AD-8702-4A0D5BCAE413}
	EndGlobalSection
EndGlobal
